
Microsoft Visual Studio Solution File, Format Version 12.00
# Visual Studio Version 16
VisualStudioVersion = 16.0.30128.74
MinimumVisualStudioVersion = 10.0.40219.1
Project("{FAE04EC0-301F-11D3-BF4B-00C04F79EFBC}") = "InternetBanking", "InternetBanking.csproj", "{C2D0B2FA-F69D-4303-9B24-0A0C3DAEB22B}"
EndProject
Project("{E53339B2-1760-4266-BCC7-CA923CBCF16C}") = "docker-compose", "docker-compose.dcproj", "{48C7EDD8-5DAD-4FE3-B97F-94E61385A103}"
EndProject
Global
	GlobalSection(SolutionConfigurationPlatforms) = preSolution
		Debug|Any CPU = Debug|Any CPU
		Release|Any CPU = Release|Any CPU
	EndGlobalSection
	GlobalSection(ProjectConfigurationPlatforms) = postSolution
		{C2D0B2FA-F69D-4303-9B24-0A0C3DAEB22B}.Debug|Any CPU.ActiveCfg = Debug|Any CPU
		{C2D0B2FA-F69D-4303-9B24-0A0C3DAEB22B}.Debug|Any CPU.Build.0 = Debug|Any CPU
		{C2D0B2FA-F69D-4303-9B24-0A0C3DAEB22B}.Release|Any CPU.ActiveCfg = Release|Any CPU
		{C2D0B2FA-F69D-4303-9B24-0A0C3DAEB22B}.Release|Any CPU.Build.0 = Release|Any CPU
		{48C7EDD8-5DAD-4FE3-B97F-94E61385A103}.Debug|Any CPU.ActiveCfg = Debug|Any CPU
		{48C7EDD8-5DAD-4FE3-B97F-94E61385A103}.Debug|Any CPU.Build.0 = Debug|Any CPU
		{48C7EDD8-5DAD-4FE3-B97F-94E61385A103}.Release|Any CPU.ActiveCfg = Release|Any CPU
		{48C7EDD8-5DAD-4FE3-B97F-94E61385A103}.Release|Any CPU.Build.0 = Release|Any CPU
	EndGlobalSection
	GlobalSection(SolutionProperties) = preSolution
		HideSolutionNode = FALSE
	EndGlobalSection
	GlobalSection(ExtensibilityGlobals) = postSolution
		SolutionGuid = {B1D55935-D60C-4DFD-BEC0-F3306529D7E6}
	EndGlobalSection
EndGlobal
